PODS:
  - Protobuf (3.6.1)
  - SSZipArchive (2.1.4)

DEPENDENCIES:
  - Protobuf (~> 3.4)
  - SSZipArchive (~> 2.1.4)

SPEC REPOS:
  https://gitee.com/mirrors/CocoaPods-Specs.git:
    - Protobuf
    - SSZipArchive

SPEC CHECKSUMS:
  Protobuf: 1eb9700044745f00181c136ef21b8ff3ad5a0fd5
  SSZipArchive: 41455d4b8d2b6ab93990820b50dc697c2554a322

PODFILE CHECKSUM: 92532bb5d6f458a6d3b6177cfc63394d466ba87c

COCOAPODS: 1.15.2
