// !$*UTF8*$!
{
	archiveVersion = 1;
	classes = {
	};
	objectVersion = 46;
	objects = {

/* Begin PBXBuildFile section */
		63712E6521787950001AE014 /* heartbeat.svga in Resources */ = {isa = PBXBuildFile; fileRef = 63712E6421787950001AE014 /* heartbeat.svga */; };
		63712E6821787A45001AE014 /* SVGAAudioEntity.m in Sources */ = {isa = PBXBuildFile; fileRef = 63712E6721787A45001AE014 /* SVGAAudioEntity.m */; };
		63E817012178809D001D2D62 /* SVGAAudioLayer.m in Sources */ = {isa = PBXBuildFile; fileRef = 63E817002178809D001D2D62 /* SVGAAudioLayer.m */; };
		71418C93225E6F710029C69E /* mutiMatte.svga in Resources */ = {isa = PBXBuildFile; fileRef = 71418C92225E6F710029C69E /* mutiMatte.svga */; };
		718A146D235718E000FED5D3 /* Rocket.svga in Resources */ = {isa = PBXBuildFile; fileRef = 718A146C235718E000FED5D3 /* Rocket.svga */; };
		71A8679122B7785100176CD6 /* matteRect.svga in Resources */ = {isa = PBXBuildFile; fileRef = 71A8679022B7785100176CD6 /* matteRect.svga */; };
		71A8679322B7853600176CD6 /* matteBitmap.svga in Resources */ = {isa = PBXBuildFile; fileRef = 71A8679222B7853600176CD6 /* matteBitmap.svga */; };
		71DAA8A52355B3ED006608A1 /* Goddess.svga in Resources */ = {isa = PBXBuildFile; fileRef = 71DAA8A42355B3ED006608A1 /* Goddess.svga */; };
		860B128ED6B8A53405306522 /* libPods-SVGAPlayerDemo.a in Frameworks */ = {isa = PBXBuildFile; fileRef = BB99F49A87B6B31DCEF63DE0 /* libPods-SVGAPlayerDemo.a */; };
		904D41F81D223DD20085A21A /* SVGABezierPath.m in Sources */ = {isa = PBXBuildFile; fileRef = 904D41F71D223DD20085A21A /* SVGABezierPath.m */; };
		9052FC631E6EB8D4007BC925 /* SVGAExporter.m in Sources */ = {isa = PBXBuildFile; fileRef = 9052FC621E6EB8D4007BC925 /* SVGAExporter.m */; };
		90A364D11E5AEC11009347F1 /* SVGABitmapLayer.m in Sources */ = {isa = PBXBuildFile; fileRef = 90A364D01E5AEC11009347F1 /* SVGABitmapLayer.m */; };
		90A364D41E5AEC1C009347F1 /* SVGAVectorLayer.m in Sources */ = {isa = PBXBuildFile; fileRef = 90A364D31E5AEC1C009347F1 /* SVGAVectorLayer.m */; };
		90A364D71E5AECBD009347F1 /* SVGAVideoSpriteEntity.m in Sources */ = {isa = PBXBuildFile; fileRef = 90A364D61E5AECBD009347F1 /* SVGAVideoSpriteEntity.m */; };
		90A364DA1E5AED04009347F1 /* SVGAVideoSpriteFrameEntity.m in Sources */ = {isa = PBXBuildFile; fileRef = 90A364D91E5AED04009347F1 /* SVGAVideoSpriteFrameEntity.m */; };
		90A364DD1E5D33F8009347F1 /* SVGAContentLayer.m in Sources */ = {isa = PBXBuildFile; fileRef = 90A364DC1E5D33F8009347F1 /* SVGAContentLayer.m */; };
		90A676E21D13A6DF008A69F3 /* main.m in Sources */ = {isa = PBXBuildFile; fileRef = 90A676E11D13A6DF008A69F3 /* main.m */; };
		90A676E51D13A6DF008A69F3 /* AppDelegate.m in Sources */ = {isa = PBXBuildFile; fileRef = 90A676E41D13A6DF008A69F3 /* AppDelegate.m */; };
		90A676E81D13A6DF008A69F3 /* ViewController.m in Sources */ = {isa = PBXBuildFile; fileRef = 90A676E71D13A6DF008A69F3 /* ViewController.m */; };
		90A676EB1D13A6DF008A69F3 /* Main.storyboard in Resources */ = {isa = PBXBuildFile; fileRef = 90A676E91D13A6DF008A69F3 /* Main.storyboard */; };
		90A676ED1D13A6DF008A69F3 /* Assets.xcassets in Resources */ = {isa = PBXBuildFile; fileRef = 90A676EC1D13A6DF008A69F3 /* Assets.xcassets */; };
		90A676F01D13A6DF008A69F3 /* LaunchScreen.storyboard in Resources */ = {isa = PBXBuildFile; fileRef = 90A676EE1D13A6DF008A69F3 /* LaunchScreen.storyboard */; };
		90A676FA1D13A81F008A69F3 /* SVGA.m in Sources */ = {isa = PBXBuildFile; fileRef = 90A676F91D13A81F008A69F3 /* SVGA.m */; };
		90A676FD1D13A82A008A69F3 /* SVGAParser.m in Sources */ = {isa = PBXBuildFile; fileRef = 90A676FC1D13A82A008A69F3 /* SVGAParser.m */; };
		90A677031D13AE19008A69F3 /* SVGAVideoEntity.m in Sources */ = {isa = PBXBuildFile; fileRef = 90A677021D13AE19008A69F3 /* SVGAVideoEntity.m */; };
		90A677061D13BF77008A69F3 /* SVGAPlayer.m in Sources */ = {isa = PBXBuildFile; fileRef = 90A677051D13BF77008A69F3 /* SVGAPlayer.m */; };
		90CB64F91EF297E800DAA382 /* SVGAPlayer React-Info.plist in Resources */ = {isa = PBXBuildFile; fileRef = 90CB64F81EF297E800DAA382 /* SVGAPlayer React-Info.plist */; };
		90D7CA161F7FA07A006E74F0 /* Svga.pbobjc.m in Sources */ = {isa = PBXBuildFile; fileRef = 90D7CA141F7FA079006E74F0 /* Svga.pbobjc.m */; settings = {COMPILER_FLAGS = "-fno-objc-arc"; }; };
		90D7CA1B1F7FB114006E74F0 /* rose_2.0.0.svga in Resources */ = {isa = PBXBuildFile; fileRef = 90D7CA191F7FB114006E74F0 /* rose_2.0.0.svga */; };
		90D7CA1C1F7FB114006E74F0 /* rose_1.5.0.svga in Resources */ = {isa = PBXBuildFile; fileRef = 90D7CA1A1F7FB114006E74F0 /* rose_1.5.0.svga */; };
		90D7CA1E1F7FB34E006E74F0 /* libz.tbd in Frameworks */ = {isa = PBXBuildFile; fileRef = 90D7CA1D1F7FB34E006E74F0 /* libz.tbd */; };
		90DB59B51F96026E00894727 /* SVGAImageView.m in Sources */ = {isa = PBXBuildFile; fileRef = 90DB59B41F96026E00894727 /* SVGAImageView.m */; };
		B78833182BC64A9F000474C2 /* SVGA.h in Headers */ = {isa = PBXBuildFile; fileRef = B78833172BC64A9F000474C2 /* SVGA.h */; settings = {ATTRIBUTES = (Public, ); }; };
		B788331F2BC64B0C000474C2 /* Svga.pbobjc.h in Headers */ = {isa = PBXBuildFile; fileRef = B788331C2BC64B0C000474C2 /* Svga.pbobjc.h */; };
		B78833202BC64B0C000474C2 /* Svga.pbobjc.m in Sources */ = {isa = PBXBuildFile; fileRef = B788331D2BC64B0C000474C2 /* Svga.pbobjc.m */; settings = {COMPILER_FLAGS = "-fno-objc-arc"; }; };
		B788333C2BC64B1B000474C2 /* SVGA.m in Sources */ = {isa = PBXBuildFile; fileRef = B78833212BC64B1B000474C2 /* SVGA.m */; };
		B788333D2BC64B1B000474C2 /* SVGAVectorLayer.m in Sources */ = {isa = PBXBuildFile; fileRef = B78833222BC64B1B000474C2 /* SVGAVectorLayer.m */; };
		B788333E2BC64B1B000474C2 /* SVGAVideoSpriteEntity.m in Sources */ = {isa = PBXBuildFile; fileRef = B78833232BC64B1B000474C2 /* SVGAVideoSpriteEntity.m */; };
		B788333F2BC64B1B000474C2 /* SVGAVideoSpriteFrameEntity.h in Headers */ = {isa = PBXBuildFile; fileRef = B78833242BC64B1B000474C2 /* SVGAVideoSpriteFrameEntity.h */; };
		B78833402BC64B1B000474C2 /* SVGAParser.m in Sources */ = {isa = PBXBuildFile; fileRef = B78833252BC64B1B000474C2 /* SVGAParser.m */; };
		B78833412BC64B1B000474C2 /* SVGAImageView.m in Sources */ = {isa = PBXBuildFile; fileRef = B78833262BC64B1B000474C2 /* SVGAImageView.m */; };
		B78833422BC64B1B000474C2 /* SVGAExporter.m in Sources */ = {isa = PBXBuildFile; fileRef = B78833272BC64B1B000474C2 /* SVGAExporter.m */; };
		B78833432BC64B1B000474C2 /* SVGAAudioLayer.h in Headers */ = {isa = PBXBuildFile; fileRef = B78833282BC64B1B000474C2 /* SVGAAudioLayer.h */; };
		B78833442BC64B1B000474C2 /* SVGAAudioLayer.m in Sources */ = {isa = PBXBuildFile; fileRef = B78833292BC64B1B000474C2 /* SVGAAudioLayer.m */; };
		B78833452BC64B1B000474C2 /* SVGAVideoEntity.h in Headers */ = {isa = PBXBuildFile; fileRef = B788332A2BC64B1B000474C2 /* SVGAVideoEntity.h */; settings = {ATTRIBUTES = (Public, ); }; };
		B78833462BC64B1B000474C2 /* SVGABitmapLayer.m in Sources */ = {isa = PBXBuildFile; fileRef = B788332B2BC64B1B000474C2 /* SVGABitmapLayer.m */; };
		B78833472BC64B1B000474C2 /* SVGAVectorLayer.h in Headers */ = {isa = PBXBuildFile; fileRef = B788332C2BC64B1B000474C2 /* SVGAVectorLayer.h */; };
		B78833482BC64B1B000474C2 /* SVGAContentLayer.h in Headers */ = {isa = PBXBuildFile; fileRef = B788332D2BC64B1B000474C2 /* SVGAContentLayer.h */; };
		B78833492BC64B1B000474C2 /* SVGAPlayer.m in Sources */ = {isa = PBXBuildFile; fileRef = B788332E2BC64B1B000474C2 /* SVGAPlayer.m */; };
		B788334A2BC64B1B000474C2 /* SVGAVideoSpriteFrameEntity.m in Sources */ = {isa = PBXBuildFile; fileRef = B788332F2BC64B1B000474C2 /* SVGAVideoSpriteFrameEntity.m */; };
		B788334B2BC64B1B000474C2 /* SVGAVideoSpriteEntity.h in Headers */ = {isa = PBXBuildFile; fileRef = B78833302BC64B1B000474C2 /* SVGAVideoSpriteEntity.h */; };
		B788334C2BC64B1B000474C2 /* SVGAExporter.h in Headers */ = {isa = PBXBuildFile; fileRef = B78833312BC64B1B000474C2 /* SVGAExporter.h */; settings = {ATTRIBUTES = (Public, ); }; };
		B788334D2BC64B1B000474C2 /* SVGAParser.h in Headers */ = {isa = PBXBuildFile; fileRef = B78833322BC64B1B000474C2 /* SVGAParser.h */; settings = {ATTRIBUTES = (Public, ); }; };
		B788334E2BC64B1B000474C2 /* SVGABezierPath.h in Headers */ = {isa = PBXBuildFile; fileRef = B78833332BC64B1B000474C2 /* SVGABezierPath.h */; };
		B788334F2BC64B1B000474C2 /* SVGAAudioEntity.m in Sources */ = {isa = PBXBuildFile; fileRef = B78833342BC64B1B000474C2 /* SVGAAudioEntity.m */; };
		B78833502BC64B1B000474C2 /* SVGABitmapLayer.h in Headers */ = {isa = PBXBuildFile; fileRef = B78833352BC64B1B000474C2 /* SVGABitmapLayer.h */; };
		B78833512BC64B1B000474C2 /* SVGAAudioEntity.h in Headers */ = {isa = PBXBuildFile; fileRef = B78833362BC64B1B000474C2 /* SVGAAudioEntity.h */; };
		B78833522BC64B1B000474C2 /* SVGABezierPath.m in Sources */ = {isa = PBXBuildFile; fileRef = B78833372BC64B1B000474C2 /* SVGABezierPath.m */; };
		B78833532BC64B1B000474C2 /* SVGAPlayer.h in Headers */ = {isa = PBXBuildFile; fileRef = B78833382BC64B1B000474C2 /* SVGAPlayer.h */; settings = {ATTRIBUTES = (Public, ); }; };
		B78833542BC64B1B000474C2 /* SVGAVideoEntity.m in Sources */ = {isa = PBXBuildFile; fileRef = B78833392BC64B1B000474C2 /* SVGAVideoEntity.m */; };
		B78833552BC64B1B000474C2 /* SVGAImageView.h in Headers */ = {isa = PBXBuildFile; fileRef = B788333A2BC64B1B000474C2 /* SVGAImageView.h */; settings = {ATTRIBUTES = (Public, ); }; };
		B78833562BC64B1B000474C2 /* SVGAContentLayer.m in Sources */ = {isa = PBXBuildFile; fileRef = B788333B2BC64B1B000474C2 /* SVGAContentLayer.m */; };
		B78833582BC64BE9000474C2 /* libz.tbd in Frameworks */ = {isa = PBXBuildFile; fileRef = B78833572BC64BE0000474C2 /* libz.tbd */; };
		E83A58D9247E0E6A00D9F404 /* audio_biling.svga in Resources */ = {isa = PBXBuildFile; fileRef = E83A58D8247E0E6A00D9F404 /* audio_biling.svga */; };
		EFF7B0AF2D281CAD00404F60 /* UIImage+Resize.m in Sources */ = {isa = PBXBuildFile; fileRef = EFF7B0AE2D281CAD00404F60 /* UIImage+Resize.m */; };
		EFF7B0B02D281CAD00404F60 /* UIImage+Resize.h in Headers */ = {isa = PBXBuildFile; fileRef = EFF7B0AD2D281CAD00404F60 /* UIImage+Resize.h */; };
		EFF7B0B12D281CAD00404F60 /* UIImage+Resize.m in Sources */ = {isa = PBXBuildFile; fileRef = EFF7B0AE2D281CAD00404F60 /* UIImage+Resize.m */; };
		EFF7B0C22D2917C200404F60 /* DebugInfoView.m in Sources */ = {isa = PBXBuildFile; fileRef = EFF7B0C12D2917C200404F60 /* DebugInfoView.m */; };
		EFF7B0C32D2917C200404F60 /* DebugInfoView.h in Headers */ = {isa = PBXBuildFile; fileRef = EFF7B0C02D2917C200404F60 /* DebugInfoView.h */; };
		EFF7B0C42D2917C200404F60 /* DebugInfoView.m in Sources */ = {isa = PBXBuildFile; fileRef = EFF7B0C12D2917C200404F60 /* DebugInfoView.m */; };
		FC37CEED92F70863E863D2B6 /* (null) in Frameworks */ = {isa = PBXBuildFile; };
/* End PBXBuildFile section */

/* Begin PBXFileReference section */
		14714B6E44B276D74A209A31 /* Pods-SVGAPlayerDemo.debug.xcconfig */ = {isa = PBXFileReference; includeInIndex = 1; lastKnownFileType = text.xcconfig; name = "Pods-SVGAPlayerDemo.debug.xcconfig"; path = "Pods/Target Support Files/Pods-SVGAPlayerDemo/Pods-SVGAPlayerDemo.debug.xcconfig"; sourceTree = "<group>"; };
		1B65E3B43FC8C3D598EC0B41 /* Pods-SVGAPlayerDemo.release.xcconfig */ = {isa = PBXFileReference; includeInIndex = 1; lastKnownFileType = text.xcconfig; name = "Pods-SVGAPlayerDemo.release.xcconfig"; path = "Pods/Target Support Files/Pods-SVGAPlayerDemo/Pods-SVGAPlayerDemo.release.xcconfig"; sourceTree = "<group>"; };
		4A920DC40C4E275D894059B4 /* Pods-SVGA.debug.xcconfig */ = {isa = PBXFileReference; includeInIndex = 1; lastKnownFileType = text.xcconfig; name = "Pods-SVGA.debug.xcconfig"; path = "Pods/Target Support Files/Pods-SVGA/Pods-SVGA.debug.xcconfig"; sourceTree = "<group>"; };
		63712E6421787950001AE014 /* heartbeat.svga */ = {isa = PBXFileReference; lastKnownFileType = file; path = heartbeat.svga; sourceTree = "<group>"; };
		63712E6621787A45001AE014 /* SVGAAudioEntity.h */ = {isa = PBXFileReference; lastKnownFileType = sourcecode.c.h; path = SVGAAudioEntity.h; sourceTree = "<group>"; };
		63712E6721787A45001AE014 /* SVGAAudioEntity.m */ = {isa = PBXFileReference; lastKnownFileType = sourcecode.c.objc; path = SVGAAudioEntity.m; sourceTree = "<group>"; };
		63E816FF2178809D001D2D62 /* SVGAAudioLayer.h */ = {isa = PBXFileReference; lastKnownFileType = sourcecode.c.h; path = SVGAAudioLayer.h; sourceTree = "<group>"; };
		63E817002178809D001D2D62 /* SVGAAudioLayer.m */ = {isa = PBXFileReference; lastKnownFileType = sourcecode.c.objc; path = SVGAAudioLayer.m; sourceTree = "<group>"; };
		71418C92225E6F710029C69E /* mutiMatte.svga */ = {isa = PBXFileReference; lastKnownFileType = file; path = mutiMatte.svga; sourceTree = "<group>"; };
		718A146C235718E000FED5D3 /* Rocket.svga */ = {isa = PBXFileReference; lastKnownFileType = file; path = Rocket.svga; sourceTree = "<group>"; };
		71A8679022B7785100176CD6 /* matteRect.svga */ = {isa = PBXFileReference; lastKnownFileType = file; path = matteRect.svga; sourceTree = "<group>"; };
		71A8679222B7853600176CD6 /* matteBitmap.svga */ = {isa = PBXFileReference; lastKnownFileType = file; path = matteBitmap.svga; sourceTree = "<group>"; };
		71DAA8A42355B3ED006608A1 /* Goddess.svga */ = {isa = PBXFileReference; lastKnownFileType = file; path = Goddess.svga; sourceTree = "<group>"; };
		8AD65028FA2D122A34DC4A63 /* Pods-SVGAPlayer.debug.xcconfig */ = {isa = PBXFileReference; includeInIndex = 1; lastKnownFileType = text.xcconfig; name = "Pods-SVGAPlayer.debug.xcconfig"; path = "Pods/Target Support Files/Pods-SVGAPlayer/Pods-SVGAPlayer.debug.xcconfig"; sourceTree = "<group>"; };
		904D41F61D223DD20085A21A /* SVGABezierPath.h */ = {isa = PBXFileReference; fileEncoding = 4; lastKnownFileType = sourcecode.c.h; path = SVGABezierPath.h; sourceTree = "<group>"; };
		904D41F71D223DD20085A21A /* SVGABezierPath.m */ = {isa = PBXFileReference; fileEncoding = 4; lastKnownFileType = sourcecode.c.objc; path = SVGABezierPath.m; sourceTree = "<group>"; };
		9052FC611E6EB8D4007BC925 /* SVGAExporter.h */ = {isa = PBXFileReference; fileEncoding = 4; lastKnownFileType = sourcecode.c.h; path = SVGAExporter.h; sourceTree = "<group>"; };
		9052FC621E6EB8D4007BC925 /* SVGAExporter.m */ = {isa = PBXFileReference; fileEncoding = 4; lastKnownFileType = sourcecode.c.objc; path = SVGAExporter.m; sourceTree = "<group>"; };
		90A364CF1E5AEC11009347F1 /* SVGABitmapLayer.h */ = {isa = PBXFileReference; fileEncoding = 4; lastKnownFileType = sourcecode.c.h; path = SVGABitmapLayer.h; sourceTree = "<group>"; };
		90A364D01E5AEC11009347F1 /* SVGABitmapLayer.m */ = {isa = PBXFileReference; fileEncoding = 4; lastKnownFileType = sourcecode.c.objc; path = SVGABitmapLayer.m; sourceTree = "<group>"; };
		90A364D21E5AEC1B009347F1 /* SVGAVectorLayer.h */ = {isa = PBXFileReference; fileEncoding = 4; lastKnownFileType = sourcecode.c.h; path = SVGAVectorLayer.h; sourceTree = "<group>"; };
		90A364D31E5AEC1C009347F1 /* SVGAVectorLayer.m */ = {isa = PBXFileReference; fileEncoding = 4; lastKnownFileType = sourcecode.c.objc; path = SVGAVectorLayer.m; sourceTree = "<group>"; };
		90A364D51E5AECBD009347F1 /* SVGAVideoSpriteEntity.h */ = {isa = PBXFileReference; fileEncoding = 4; lastKnownFileType = sourcecode.c.h; path = SVGAVideoSpriteEntity.h; sourceTree = "<group>"; };
		90A364D61E5AECBD009347F1 /* SVGAVideoSpriteEntity.m */ = {isa = PBXFileReference; fileEncoding = 4; lastKnownFileType = sourcecode.c.objc; path = SVGAVideoSpriteEntity.m; sourceTree = "<group>"; };
		90A364D81E5AED04009347F1 /* SVGAVideoSpriteFrameEntity.h */ = {isa = PBXFileReference; fileEncoding = 4; lastKnownFileType = sourcecode.c.h; path = SVGAVideoSpriteFrameEntity.h; sourceTree = "<group>"; };
		90A364D91E5AED04009347F1 /* SVGAVideoSpriteFrameEntity.m */ = {isa = PBXFileReference; fileEncoding = 4; lastKnownFileType = sourcecode.c.objc; path = SVGAVideoSpriteFrameEntity.m; sourceTree = "<group>"; };
		90A364DB1E5D33F8009347F1 /* SVGAContentLayer.h */ = {isa = PBXFileReference; fileEncoding = 4; lastKnownFileType = sourcecode.c.h; path = SVGAContentLayer.h; sourceTree = "<group>"; };
		90A364DC1E5D33F8009347F1 /* SVGAContentLayer.m */ = {isa = PBXFileReference; fileEncoding = 4; lastKnownFileType = sourcecode.c.objc; path = SVGAContentLayer.m; sourceTree = "<group>"; };
		90A676DD1D13A6DF008A69F3 /* SVGAPlayer.app */ = {isa = PBXFileReference; explicitFileType = wrapper.application; includeInIndex = 0; path = SVGAPlayer.app; sourceTree = BUILT_PRODUCTS_DIR; };
		90A676E11D13A6DF008A69F3 /* main.m */ = {isa = PBXFileReference; lastKnownFileType = sourcecode.c.objc; path = main.m; sourceTree = "<group>"; };
		90A676E31D13A6DF008A69F3 /* AppDelegate.h */ = {isa = PBXFileReference; lastKnownFileType = sourcecode.c.h; path = AppDelegate.h; sourceTree = "<group>"; };
		90A676E41D13A6DF008A69F3 /* AppDelegate.m */ = {isa = PBXFileReference; lastKnownFileType = sourcecode.c.objc; path = AppDelegate.m; sourceTree = "<group>"; };
		90A676E61D13A6DF008A69F3 /* ViewController.h */ = {isa = PBXFileReference; lastKnownFileType = sourcecode.c.h; path = ViewController.h; sourceTree = "<group>"; };
		90A676E71D13A6DF008A69F3 /* ViewController.m */ = {isa = PBXFileReference; lastKnownFileType = sourcecode.c.objc; path = ViewController.m; sourceTree = "<group>"; };
		90A676EA1D13A6DF008A69F3 /* Base */ = {isa = PBXFileReference; lastKnownFileType = file.storyboard; name = Base; path = Base.lproj/Main.storyboard; sourceTree = "<group>"; };
		90A676EC1D13A6DF008A69F3 /* Assets.xcassets */ = {isa = PBXFileReference; lastKnownFileType = folder.assetcatalog; path = Assets.xcassets; sourceTree = "<group>"; };
		90A676EF1D13A6DF008A69F3 /* Base */ = {isa = PBXFileReference; lastKnownFileType = file.storyboard; name = Base; path = Base.lproj/LaunchScreen.storyboard; sourceTree = "<group>"; };
		90A676F11D13A6DF008A69F3 /* Info.plist */ = {isa = PBXFileReference; lastKnownFileType = text.plist.xml; path = Info.plist; sourceTree = "<group>"; };
		90A676F81D13A81F008A69F3 /* SVGA.h */ = {isa = PBXFileReference; fileEncoding = 4; lastKnownFileType = sourcecode.c.h; path = SVGA.h; sourceTree = "<group>"; };
		90A676F91D13A81F008A69F3 /* SVGA.m */ = {isa = PBXFileReference; fileEncoding = 4; lastKnownFileType = sourcecode.c.objc; path = SVGA.m; sourceTree = "<group>"; };
		90A676FB1D13A82A008A69F3 /* SVGAParser.h */ = {isa = PBXFileReference; fileEncoding = 4; lastKnownFileType = sourcecode.c.h; path = SVGAParser.h; sourceTree = "<group>"; };
		90A676FC1D13A82A008A69F3 /* SVGAParser.m */ = {isa = PBXFileReference; fileEncoding = 4; lastKnownFileType = sourcecode.c.objc; path = SVGAParser.m; sourceTree = "<group>"; };
		90A677011D13AE19008A69F3 /* SVGAVideoEntity.h */ = {isa = PBXFileReference; fileEncoding = 4; lastKnownFileType = sourcecode.c.h; path = SVGAVideoEntity.h; sourceTree = "<group>"; };
		90A677021D13AE19008A69F3 /* SVGAVideoEntity.m */ = {isa = PBXFileReference; fileEncoding = 4; lastKnownFileType = sourcecode.c.objc; path = SVGAVideoEntity.m; sourceTree = "<group>"; };
		90A677041D13BF77008A69F3 /* SVGAPlayer.h */ = {isa = PBXFileReference; fileEncoding = 4; lastKnownFileType = sourcecode.c.h; path = SVGAPlayer.h; sourceTree = "<group>"; };
		90A677051D13BF77008A69F3 /* SVGAPlayer.m */ = {isa = PBXFileReference; fileEncoding = 4; lastKnownFileType = sourcecode.c.objc; path = SVGAPlayer.m; sourceTree = "<group>"; };
		90CB64F81EF297E800DAA382 /* SVGAPlayer React-Info.plist */ = {isa = PBXFileReference; fileEncoding = 4; lastKnownFileType = text.plist.xml; path = "SVGAPlayer React-Info.plist"; sourceTree = "<group>"; };
		90D7CA141F7FA079006E74F0 /* Svga.pbobjc.m */ = {isa = PBXFileReference; fileEncoding = 4; lastKnownFileType = sourcecode.c.objc; path = Svga.pbobjc.m; sourceTree = "<group>"; };
		90D7CA151F7FA079006E74F0 /* Svga.pbobjc.h */ = {isa = PBXFileReference; fileEncoding = 4; lastKnownFileType = sourcecode.c.h; path = Svga.pbobjc.h; sourceTree = "<group>"; };
		90D7CA191F7FB114006E74F0 /* rose_2.0.0.svga */ = {isa = PBXFileReference; lastKnownFileType = file; path = rose_2.0.0.svga; sourceTree = "<group>"; };
		90D7CA1A1F7FB114006E74F0 /* rose_1.5.0.svga */ = {isa = PBXFileReference; lastKnownFileType = file; path = rose_1.5.0.svga; sourceTree = "<group>"; };
		90D7CA1D1F7FB34E006E74F0 /* libz.tbd */ = {isa = PBXFileReference; lastKnownFileType = "sourcecode.text-based-dylib-definition"; name = libz.tbd; path = usr/lib/libz.tbd; sourceTree = SDKROOT; };
		90DB59B31F96026E00894727 /* SVGAImageView.h */ = {isa = PBXFileReference; lastKnownFileType = sourcecode.c.h; path = SVGAImageView.h; sourceTree = "<group>"; };
		90DB59B41F96026E00894727 /* SVGAImageView.m */ = {isa = PBXFileReference; lastKnownFileType = sourcecode.c.objc; path = SVGAImageView.m; sourceTree = "<group>"; };
		B78833152BC64A9F000474C2 /* SVGA.framework */ = {isa = PBXFileReference; explicitFileType = wrapper.framework; includeInIndex = 0; path = SVGA.framework; sourceTree = BUILT_PRODUCTS_DIR; };
		B78833172BC64A9F000474C2 /* SVGA.h */ = {isa = PBXFileReference; lastKnownFileType = sourcecode.c.h; path = SVGA.h; sourceTree = "<group>"; };
		B788331C2BC64B0C000474C2 /* Svga.pbobjc.h */ = {isa = PBXFileReference; fileEncoding = 4; lastKnownFileType = sourcecode.c.h; path = Svga.pbobjc.h; sourceTree = "<group>"; };
		B788331D2BC64B0C000474C2 /* Svga.pbobjc.m */ = {isa = PBXFileReference; fileEncoding = 4; lastKnownFileType = sourcecode.c.objc; path = Svga.pbobjc.m; sourceTree = "<group>"; };
		B78833212BC64B1B000474C2 /* SVGA.m */ = {isa = PBXFileReference; fileEncoding = 4; lastKnownFileType = sourcecode.c.objc; name = SVGA.m; path = Source/SVGA.m; sourceTree = SOURCE_ROOT; };
		B78833222BC64B1B000474C2 /* SVGAVectorLayer.m */ = {isa = PBXFileReference; fileEncoding = 4; lastKnownFileType = sourcecode.c.objc; name = SVGAVectorLayer.m; path = Source/SVGAVectorLayer.m; sourceTree = SOURCE_ROOT; };
		B78833232BC64B1B000474C2 /* SVGAVideoSpriteEntity.m */ = {isa = PBXFileReference; fileEncoding = 4; lastKnownFileType = sourcecode.c.objc; name = SVGAVideoSpriteEntity.m; path = Source/SVGAVideoSpriteEntity.m; sourceTree = SOURCE_ROOT; };
		B78833242BC64B1B000474C2 /* SVGAVideoSpriteFrameEntity.h */ = {isa = PBXFileReference; fileEncoding = 4; lastKnownFileType = sourcecode.c.h; name = SVGAVideoSpriteFrameEntity.h; path = Source/SVGAVideoSpriteFrameEntity.h; sourceTree = SOURCE_ROOT; };
		B78833252BC64B1B000474C2 /* SVGAParser.m */ = {isa = PBXFileReference; fileEncoding = 4; lastKnownFileType = sourcecode.c.objc; name = SVGAParser.m; path = Source/SVGAParser.m; sourceTree = SOURCE_ROOT; };
		B78833262BC64B1B000474C2 /* SVGAImageView.m */ = {isa = PBXFileReference; fileEncoding = 4; lastKnownFileType = sourcecode.c.objc; name = SVGAImageView.m; path = Source/SVGAImageView.m; sourceTree = SOURCE_ROOT; };
		B78833272BC64B1B000474C2 /* SVGAExporter.m */ = {isa = PBXFileReference; fileEncoding = 4; lastKnownFileType = sourcecode.c.objc; name = SVGAExporter.m; path = Source/SVGAExporter.m; sourceTree = SOURCE_ROOT; };
		B78833282BC64B1B000474C2 /* SVGAAudioLayer.h */ = {isa = PBXFileReference; fileEncoding = 4; lastKnownFileType = sourcecode.c.h; name = SVGAAudioLayer.h; path = Source/SVGAAudioLayer.h; sourceTree = SOURCE_ROOT; };
		B78833292BC64B1B000474C2 /* SVGAAudioLayer.m */ = {isa = PBXFileReference; fileEncoding = 4; lastKnownFileType = sourcecode.c.objc; name = SVGAAudioLayer.m; path = Source/SVGAAudioLayer.m; sourceTree = SOURCE_ROOT; };
		B788332A2BC64B1B000474C2 /* SVGAVideoEntity.h */ = {isa = PBXFileReference; fileEncoding = 4; lastKnownFileType = sourcecode.c.h; name = SVGAVideoEntity.h; path = Source/SVGAVideoEntity.h; sourceTree = SOURCE_ROOT; };
		B788332B2BC64B1B000474C2 /* SVGABitmapLayer.m */ = {isa = PBXFileReference; fileEncoding = 4; lastKnownFileType = sourcecode.c.objc; name = SVGABitmapLayer.m; path = Source/SVGABitmapLayer.m; sourceTree = SOURCE_ROOT; };
		B788332C2BC64B1B000474C2 /* SVGAVectorLayer.h */ = {isa = PBXFileReference; fileEncoding = 4; lastKnownFileType = sourcecode.c.h; name = SVGAVectorLayer.h; path = Source/SVGAVectorLayer.h; sourceTree = SOURCE_ROOT; };
		B788332D2BC64B1B000474C2 /* SVGAContentLayer.h */ = {isa = PBXFileReference; fileEncoding = 4; lastKnownFileType = sourcecode.c.h; name = SVGAContentLayer.h; path = Source/SVGAContentLayer.h; sourceTree = SOURCE_ROOT; };
		B788332E2BC64B1B000474C2 /* SVGAPlayer.m */ = {isa = PBXFileReference; fileEncoding = 4; lastKnownFileType = sourcecode.c.objc; name = SVGAPlayer.m; path = Source/SVGAPlayer.m; sourceTree = SOURCE_ROOT; };
		B788332F2BC64B1B000474C2 /* SVGAVideoSpriteFrameEntity.m */ = {isa = PBXFileReference; fileEncoding = 4; lastKnownFileType = sourcecode.c.objc; name = SVGAVideoSpriteFrameEntity.m; path = Source/SVGAVideoSpriteFrameEntity.m; sourceTree = SOURCE_ROOT; };
		B78833302BC64B1B000474C2 /* SVGAVideoSpriteEntity.h */ = {isa = PBXFileReference; fileEncoding = 4; lastKnownFileType = sourcecode.c.h; name = SVGAVideoSpriteEntity.h; path = Source/SVGAVideoSpriteEntity.h; sourceTree = SOURCE_ROOT; };
		B78833312BC64B1B000474C2 /* SVGAExporter.h */ = {isa = PBXFileReference; fileEncoding = 4; lastKnownFileType = sourcecode.c.h; name = SVGAExporter.h; path = Source/SVGAExporter.h; sourceTree = SOURCE_ROOT; };
		B78833322BC64B1B000474C2 /* SVGAParser.h */ = {isa = PBXFileReference; fileEncoding = 4; lastKnownFileType = sourcecode.c.h; name = SVGAParser.h; path = Source/SVGAParser.h; sourceTree = SOURCE_ROOT; };
		B78833332BC64B1B000474C2 /* SVGABezierPath.h */ = {isa = PBXFileReference; fileEncoding = 4; lastKnownFileType = sourcecode.c.h; name = SVGABezierPath.h; path = Source/SVGABezierPath.h; sourceTree = SOURCE_ROOT; };
		B78833342BC64B1B000474C2 /* SVGAAudioEntity.m */ = {isa = PBXFileReference; fileEncoding = 4; lastKnownFileType = sourcecode.c.objc; name = SVGAAudioEntity.m; path = Source/SVGAAudioEntity.m; sourceTree = SOURCE_ROOT; };
		B78833352BC64B1B000474C2 /* SVGABitmapLayer.h */ = {isa = PBXFileReference; fileEncoding = 4; lastKnownFileType = sourcecode.c.h; name = SVGABitmapLayer.h; path = Source/SVGABitmapLayer.h; sourceTree = SOURCE_ROOT; };
		B78833362BC64B1B000474C2 /* SVGAAudioEntity.h */ = {isa = PBXFileReference; fileEncoding = 4; lastKnownFileType = sourcecode.c.h; name = SVGAAudioEntity.h; path = Source/SVGAAudioEntity.h; sourceTree = SOURCE_ROOT; };
		B78833372BC64B1B000474C2 /* SVGABezierPath.m */ = {isa = PBXFileReference; fileEncoding = 4; lastKnownFileType = sourcecode.c.objc; name = SVGABezierPath.m; path = Source/SVGABezierPath.m; sourceTree = SOURCE_ROOT; };
		B78833382BC64B1B000474C2 /* SVGAPlayer.h */ = {isa = PBXFileReference; fileEncoding = 4; lastKnownFileType = sourcecode.c.h; name = SVGAPlayer.h; path = Source/SVGAPlayer.h; sourceTree = SOURCE_ROOT; };
		B78833392BC64B1B000474C2 /* SVGAVideoEntity.m */ = {isa = PBXFileReference; fileEncoding = 4; lastKnownFileType = sourcecode.c.objc; name = SVGAVideoEntity.m; path = Source/SVGAVideoEntity.m; sourceTree = SOURCE_ROOT; };
		B788333A2BC64B1B000474C2 /* SVGAImageView.h */ = {isa = PBXFileReference; fileEncoding = 4; lastKnownFileType = sourcecode.c.h; name = SVGAImageView.h; path = Source/SVGAImageView.h; sourceTree = SOURCE_ROOT; };
		B788333B2BC64B1B000474C2 /* SVGAContentLayer.m */ = {isa = PBXFileReference; fileEncoding = 4; lastKnownFileType = sourcecode.c.objc; name = SVGAContentLayer.m; path = Source/SVGAContentLayer.m; sourceTree = SOURCE_ROOT; };
		B78833572BC64BE0000474C2 /* libz.tbd */ = {isa = PBXFileReference; lastKnownFileType = "sourcecode.text-based-dylib-definition"; name = libz.tbd; path = Platforms/MacOSX.platform/Developer/SDKs/MacOSX14.4.sdk/usr/lib/libz.tbd; sourceTree = DEVELOPER_DIR; };
		BB99F49A87B6B31DCEF63DE0 /* libPods-SVGAPlayerDemo.a */ = {isa = PBXFileReference; explicitFileType = archive.ar; includeInIndex = 0; path = "libPods-SVGAPlayerDemo.a"; sourceTree = BUILT_PRODUCTS_DIR; };
		E02B8713B25C0283C736EE03 /* Pods-SVGAPlayer.release.xcconfig */ = {isa = PBXFileReference; includeInIndex = 1; lastKnownFileType = text.xcconfig; name = "Pods-SVGAPlayer.release.xcconfig"; path = "Pods/Target Support Files/Pods-SVGAPlayer/Pods-SVGAPlayer.release.xcconfig"; sourceTree = "<group>"; };
		E83A58D8247E0E6A00D9F404 /* audio_biling.svga */ = {isa = PBXFileReference; lastKnownFileType = file; path = audio_biling.svga; sourceTree = "<group>"; };
		EFF7B0AD2D281CAD00404F60 /* UIImage+Resize.h */ = {isa = PBXFileReference; lastKnownFileType = sourcecode.c.h; path = "UIImage+Resize.h"; sourceTree = "<group>"; };
		EFF7B0AE2D281CAD00404F60 /* UIImage+Resize.m */ = {isa = PBXFileReference; lastKnownFileType = sourcecode.c.objc; path = "UIImage+Resize.m"; sourceTree = "<group>"; };
		EFF7B0C02D2917C200404F60 /* DebugInfoView.h */ = {isa = PBXFileReference; lastKnownFileType = sourcecode.c.h; path = DebugInfoView.h; sourceTree = "<group>"; };
		EFF7B0C12D2917C200404F60 /* DebugInfoView.m */ = {isa = PBXFileReference; lastKnownFileType = sourcecode.c.objc; path = DebugInfoView.m; sourceTree = "<group>"; };
		FAA02C4EB96718C5A12970B6 /* Pods-SVGA.release.xcconfig */ = {isa = PBXFileReference; includeInIndex = 1; lastKnownFileType = text.xcconfig; name = "Pods-SVGA.release.xcconfig"; path = "Pods/Target Support Files/Pods-SVGA/Pods-SVGA.release.xcconfig"; sourceTree = "<group>"; };
/* End PBXFileReference section */

/* Begin PBXFrameworksBuildPhase section */
		90A676DA1D13A6DF008A69F3 /* Frameworks */ = {
			isa = PBXFrameworksBuildPhase;
			buildActionMask = 2147483647;
			files = (
				90D7CA1E1F7FB34E006E74F0 /* libz.tbd in Frameworks */,
				860B128ED6B8A53405306522 /* libPods-SVGAPlayerDemo.a in Frameworks */,
			);
			runOnlyForDeploymentPostprocessing = 0;
		};
		B78833122BC64A9F000474C2 /* Frameworks */ = {
			isa = PBXFrameworksBuildPhase;
			buildActionMask = 2147483647;
			files = (
				B78833582BC64BE9000474C2 /* libz.tbd in Frameworks */,
				FC37CEED92F70863E863D2B6 /* (null) in Frameworks */,
			);
			runOnlyForDeploymentPostprocessing = 0;
		};
/* End PBXFrameworksBuildPhase section */

/* Begin PBXGroup section */
		431B19F0F45A7844195F461A /* Pods */ = {
			isa = PBXGroup;
			children = (
				8AD65028FA2D122A34DC4A63 /* Pods-SVGAPlayer.debug.xcconfig */,
				E02B8713B25C0283C736EE03 /* Pods-SVGAPlayer.release.xcconfig */,
				4A920DC40C4E275D894059B4 /* Pods-SVGA.debug.xcconfig */,
				FAA02C4EB96718C5A12970B6 /* Pods-SVGA.release.xcconfig */,
				14714B6E44B276D74A209A31 /* Pods-SVGAPlayerDemo.debug.xcconfig */,
				1B65E3B43FC8C3D598EC0B41 /* Pods-SVGAPlayerDemo.release.xcconfig */,
			);
			name = Pods;
			sourceTree = "<group>";
		};
		90A676D41D13A6DF008A69F3 = {
			isa = PBXGroup;
			children = (
				90A676F71D13A70E008A69F3 /* Source */,
				90A676DF1D13A6DF008A69F3 /* SVGAPlayer */,
				B78833162BC64A9F000474C2 /* SVGA */,
				90A676DE1D13A6DF008A69F3 /* Products */,
				431B19F0F45A7844195F461A /* Pods */,
				B8EE95EA56FFE89CDEC9D8C3 /* Frameworks */,
			);
			sourceTree = "<group>";
		};
		90A676DE1D13A6DF008A69F3 /* Products */ = {
			isa = PBXGroup;
			children = (
				90A676DD1D13A6DF008A69F3 /* SVGAPlayer.app */,
				B78833152BC64A9F000474C2 /* SVGA.framework */,
			);
			name = Products;
			sourceTree = "<group>";
		};
		90A676DF1D13A6DF008A69F3 /* SVGAPlayer */ = {
			isa = PBXGroup;
			children = (
				90D7C9FA1F7E2AA3006E74F0 /* Samples */,
				90A676E31D13A6DF008A69F3 /* AppDelegate.h */,
				90A676E41D13A6DF008A69F3 /* AppDelegate.m */,
				90A676E61D13A6DF008A69F3 /* ViewController.h */,
				90A676E71D13A6DF008A69F3 /* ViewController.m */,
				90A676E91D13A6DF008A69F3 /* Main.storyboard */,
				90A676EC1D13A6DF008A69F3 /* Assets.xcassets */,
				90A676EE1D13A6DF008A69F3 /* LaunchScreen.storyboard */,
				90A676F11D13A6DF008A69F3 /* Info.plist */,
				90CB64F81EF297E800DAA382 /* SVGAPlayer React-Info.plist */,
				90A676E01D13A6DF008A69F3 /* Supporting Files */,
			);
			path = SVGAPlayer;
			sourceTree = "<group>";
		};
		90A676E01D13A6DF008A69F3 /* Supporting Files */ = {
			isa = PBXGroup;
			children = (
				90A676E11D13A6DF008A69F3 /* main.m */,
			);
			name = "Supporting Files";
			sourceTree = "<group>";
		};
		90A676F71D13A70E008A69F3 /* Source */ = {
			isa = PBXGroup;
			children = (
				90D7CA081F7E2D4D006E74F0 /* pbobjc */,
				90A676F81D13A81F008A69F3 /* SVGA.h */,
				90A676F91D13A81F008A69F3 /* SVGA.m */,
				90A676FB1D13A82A008A69F3 /* SVGAParser.h */,
				90A676FC1D13A82A008A69F3 /* SVGAParser.m */,
				90A677011D13AE19008A69F3 /* SVGAVideoEntity.h */,
				90A677021D13AE19008A69F3 /* SVGAVideoEntity.m */,
				63712E6621787A45001AE014 /* SVGAAudioEntity.h */,
				63712E6721787A45001AE014 /* SVGAAudioEntity.m */,
				90A364D51E5AECBD009347F1 /* SVGAVideoSpriteEntity.h */,
				90A364D61E5AECBD009347F1 /* SVGAVideoSpriteEntity.m */,
				90A364D81E5AED04009347F1 /* SVGAVideoSpriteFrameEntity.h */,
				90A364D91E5AED04009347F1 /* SVGAVideoSpriteFrameEntity.m */,
				90A364DB1E5D33F8009347F1 /* SVGAContentLayer.h */,
				90A364DC1E5D33F8009347F1 /* SVGAContentLayer.m */,
				90A364CF1E5AEC11009347F1 /* SVGABitmapLayer.h */,
				90A364D01E5AEC11009347F1 /* SVGABitmapLayer.m */,
				90A364D21E5AEC1B009347F1 /* SVGAVectorLayer.h */,
				90A364D31E5AEC1C009347F1 /* SVGAVectorLayer.m */,
				63E816FF2178809D001D2D62 /* SVGAAudioLayer.h */,
				63E817002178809D001D2D62 /* SVGAAudioLayer.m */,
				90A677041D13BF77008A69F3 /* SVGAPlayer.h */,
				90A677051D13BF77008A69F3 /* SVGAPlayer.m */,
				90DB59B31F96026E00894727 /* SVGAImageView.h */,
				90DB59B41F96026E00894727 /* SVGAImageView.m */,
				9052FC611E6EB8D4007BC925 /* SVGAExporter.h */,
				9052FC621E6EB8D4007BC925 /* SVGAExporter.m */,
				904D41F61D223DD20085A21A /* SVGABezierPath.h */,
				904D41F71D223DD20085A21A /* SVGABezierPath.m */,
				EFF7B0AD2D281CAD00404F60 /* UIImage+Resize.h */,
				EFF7B0AE2D281CAD00404F60 /* UIImage+Resize.m */,
				EFF7B0C02D2917C200404F60 /* DebugInfoView.h */,
				EFF7B0C12D2917C200404F60 /* DebugInfoView.m */,
			);
			path = Source;
			sourceTree = "<group>";
		};
		90D7C9FA1F7E2AA3006E74F0 /* Samples */ = {
			isa = PBXGroup;
			children = (
				E83A58D8247E0E6A00D9F404 /* audio_biling.svga */,
				718A146C235718E000FED5D3 /* Rocket.svga */,
				71DAA8A42355B3ED006608A1 /* Goddess.svga */,
				71A8679022B7785100176CD6 /* matteRect.svga */,
				71A8679222B7853600176CD6 /* matteBitmap.svga */,
				71418C92225E6F710029C69E /* mutiMatte.svga */,
				63712E6421787950001AE014 /* heartbeat.svga */,
				90D7CA1A1F7FB114006E74F0 /* rose_1.5.0.svga */,
				90D7CA191F7FB114006E74F0 /* rose_2.0.0.svga */,
			);
			path = Samples;
			sourceTree = "<group>";
		};
		90D7CA081F7E2D4D006E74F0 /* pbobjc */ = {
			isa = PBXGroup;
			children = (
				90D7CA151F7FA079006E74F0 /* Svga.pbobjc.h */,
				90D7CA141F7FA079006E74F0 /* Svga.pbobjc.m */,
			);
			path = pbobjc;
			sourceTree = "<group>";
		};
		B78833162BC64A9F000474C2 /* SVGA */ = {
			isa = PBXGroup;
			children = (
				B788331E2BC64B0C000474C2 /* pbobjc */,
				B78833172BC64A9F000474C2 /* SVGA.h */,
				B78833212BC64B1B000474C2 /* SVGA.m */,
				B78833362BC64B1B000474C2 /* SVGAAudioEntity.h */,
				B78833342BC64B1B000474C2 /* SVGAAudioEntity.m */,
				B78833282BC64B1B000474C2 /* SVGAAudioLayer.h */,
				B78833292BC64B1B000474C2 /* SVGAAudioLayer.m */,
				B78833332BC64B1B000474C2 /* SVGABezierPath.h */,
				B78833372BC64B1B000474C2 /* SVGABezierPath.m */,
				B78833352BC64B1B000474C2 /* SVGABitmapLayer.h */,
				B788332B2BC64B1B000474C2 /* SVGABitmapLayer.m */,
				B788332D2BC64B1B000474C2 /* SVGAContentLayer.h */,
				B788333B2BC64B1B000474C2 /* SVGAContentLayer.m */,
				B78833312BC64B1B000474C2 /* SVGAExporter.h */,
				B78833272BC64B1B000474C2 /* SVGAExporter.m */,
				B788333A2BC64B1B000474C2 /* SVGAImageView.h */,
				B78833262BC64B1B000474C2 /* SVGAImageView.m */,
				B78833322BC64B1B000474C2 /* SVGAParser.h */,
				B78833252BC64B1B000474C2 /* SVGAParser.m */,
				B78833382BC64B1B000474C2 /* SVGAPlayer.h */,
				B788332E2BC64B1B000474C2 /* SVGAPlayer.m */,
				B788332C2BC64B1B000474C2 /* SVGAVectorLayer.h */,
				B78833222BC64B1B000474C2 /* SVGAVectorLayer.m */,
				B788332A2BC64B1B000474C2 /* SVGAVideoEntity.h */,
				B78833392BC64B1B000474C2 /* SVGAVideoEntity.m */,
				B78833302BC64B1B000474C2 /* SVGAVideoSpriteEntity.h */,
				B78833232BC64B1B000474C2 /* SVGAVideoSpriteEntity.m */,
				B78833242BC64B1B000474C2 /* SVGAVideoSpriteFrameEntity.h */,
				B788332F2BC64B1B000474C2 /* SVGAVideoSpriteFrameEntity.m */,
			);
			path = SVGA;
			sourceTree = "<group>";
		};
		B788331E2BC64B0C000474C2 /* pbobjc */ = {
			isa = PBXGroup;
			children = (
				B788331C2BC64B0C000474C2 /* Svga.pbobjc.h */,
				B788331D2BC64B0C000474C2 /* Svga.pbobjc.m */,
			);
			name = pbobjc;
			path = Source/pbobjc;
			sourceTree = SOURCE_ROOT;
		};
		B8EE95EA56FFE89CDEC9D8C3 /* Frameworks */ = {
			isa = PBXGroup;
			children = (
				90D7CA1D1F7FB34E006E74F0 /* libz.tbd */,
				B78833572BC64BE0000474C2 /* libz.tbd */,
				BB99F49A87B6B31DCEF63DE0 /* libPods-SVGAPlayerDemo.a */,
			);
			name = Frameworks;
			sourceTree = "<group>";
		};
/* End PBXGroup section */

/* Begin PBXHeadersBuildPhase section */
		B78833102BC64A9F000474C2 /* Headers */ = {
			isa = PBXHeadersBuildPhase;
			buildActionMask = 2147483647;
			files = (
				B78833472BC64B1B000474C2 /* SVGAVectorLayer.h in Headers */,
				B788334D2BC64B1B000474C2 /* SVGAParser.h in Headers */,
				B788334C2BC64B1B000474C2 /* SVGAExporter.h in Headers */,
				B78833452BC64B1B000474C2 /* SVGAVideoEntity.h in Headers */,
				EFF7B0B02D281CAD00404F60 /* UIImage+Resize.h in Headers */,
				B78833552BC64B1B000474C2 /* SVGAImageView.h in Headers */,
				B78833532BC64B1B000474C2 /* SVGAPlayer.h in Headers */,
				B788334B2BC64B1B000474C2 /* SVGAVideoSpriteEntity.h in Headers */,
				B78833502BC64B1B000474C2 /* SVGABitmapLayer.h in Headers */,
				B78833482BC64B1B000474C2 /* SVGAContentLayer.h in Headers */,
				B788331F2BC64B0C000474C2 /* Svga.pbobjc.h in Headers */,
				B788334E2BC64B1B000474C2 /* SVGABezierPath.h in Headers */,
				B78833512BC64B1B000474C2 /* SVGAAudioEntity.h in Headers */,
				B788333F2BC64B1B000474C2 /* SVGAVideoSpriteFrameEntity.h in Headers */,
				EFF7B0C32D2917C200404F60 /* DebugInfoView.h in Headers */,
				B78833432BC64B1B000474C2 /* SVGAAudioLayer.h in Headers */,
				B78833182BC64A9F000474C2 /* SVGA.h in Headers */,
			);
			runOnlyForDeploymentPostprocessing = 0;
		};
/* End PBXHeadersBuildPhase section */

/* Begin PBXNativeTarget section */
		90A676DC1D13A6DF008A69F3 /* SVGAPlayer */ = {
			isa = PBXNativeTarget;
			buildConfigurationList = 90A676F41D13A6DF008A69F3 /* Build configuration list for PBXNativeTarget "SVGAPlayer" */;
			buildPhases = (
				CD70B01EE331E392E355CD26 /* [CP] Check Pods Manifest.lock */,
				90A676D91D13A6DF008A69F3 /* Sources */,
				90A676DA1D13A6DF008A69F3 /* Frameworks */,
				90A676DB1D13A6DF008A69F3 /* Resources */,
			);
			buildRules = (
			);
			dependencies = (
			);
			name = SVGAPlayer;
			productName = SVGAPlayer;
			productReference = 90A676DD1D13A6DF008A69F3 /* SVGAPlayer.app */;
			productType = "com.apple.product-type.application";
		};
		B78833142BC64A9F000474C2 /* SVGA */ = {
			isa = PBXNativeTarget;
			buildConfigurationList = B788331B2BC64A9F000474C2 /* Build configuration list for PBXNativeTarget "SVGA" */;
			buildPhases = (
				D86E014333D44E49674E1F31 /* [CP] Check Pods Manifest.lock */,
				B78833102BC64A9F000474C2 /* Headers */,
				B78833112BC64A9F000474C2 /* Sources */,
				B78833122BC64A9F000474C2 /* Frameworks */,
				B78833132BC64A9F000474C2 /* Resources */,
			);
			buildRules = (
			);
			dependencies = (
			);
			name = SVGA;
			productName = SVGA;
			productReference = B78833152BC64A9F000474C2 /* SVGA.framework */;
			productType = "com.apple.product-type.framework";
		};
/* End PBXNativeTarget section */

/* Begin PBXProject section */
		90A676D51D13A6DF008A69F3 /* Project object */ = {
			isa = PBXProject;
			attributes = {
				LastUpgradeCheck = 0730;
				ORGANIZATIONNAME = "UED Center";
				TargetAttributes = {
					90A676DC1D13A6DF008A69F3 = {
						CreatedOnToolsVersion = 7.3;
						DevelopmentTeam = XM2VRDX92Q;
					};
					B78833142BC64A9F000474C2 = {
						CreatedOnToolsVersion = 15.3;
						DevelopmentTeam = XM2VRDX92Q;
						ProvisioningStyle = Automatic;
					};
				};
			};
			buildConfigurationList = 90A676D81D13A6DF008A69F3 /* Build configuration list for PBXProject "SVGAPlayer" */;
			compatibilityVersion = "Xcode 3.2";
			developmentRegion = en;
			hasScannedForEncodings = 0;
			knownRegions = (
				en,
				Base,
			);
			mainGroup = 90A676D41D13A6DF008A69F3;
			productRefGroup = 90A676DE1D13A6DF008A69F3 /* Products */;
			projectDirPath = "";
			projectRoot = "";
			targets = (
				90A676DC1D13A6DF008A69F3 /* SVGAPlayer */,
				B78833142BC64A9F000474C2 /* SVGA */,
			);
		};
/* End PBXProject section */

/* Begin PBXResourcesBuildPhase section */
		90A676DB1D13A6DF008A69F3 /* Resources */ = {
			isa = PBXResourcesBuildPhase;
			buildActionMask = 2147483647;
			files = (
				71418C93225E6F710029C69E /* mutiMatte.svga in Resources */,
				90A676F01D13A6DF008A69F3 /* LaunchScreen.storyboard in Resources */,
				718A146D235718E000FED5D3 /* Rocket.svga in Resources */,
				90A676ED1D13A6DF008A69F3 /* Assets.xcassets in Resources */,
				63712E6521787950001AE014 /* heartbeat.svga in Resources */,
				90A676EB1D13A6DF008A69F3 /* Main.storyboard in Resources */,
				90CB64F91EF297E800DAA382 /* SVGAPlayer React-Info.plist in Resources */,
				71A8679122B7785100176CD6 /* matteRect.svga in Resources */,
				71A8679322B7853600176CD6 /* matteBitmap.svga in Resources */,
				90D7CA1C1F7FB114006E74F0 /* rose_1.5.0.svga in Resources */,
				90D7CA1B1F7FB114006E74F0 /* rose_2.0.0.svga in Resources */,
				E83A58D9247E0E6A00D9F404 /* audio_biling.svga in Resources */,
				71DAA8A52355B3ED006608A1 /* Goddess.svga in Resources */,
			);
			runOnlyForDeploymentPostprocessing = 0;
		};
		B78833132BC64A9F000474C2 /* Resources */ = {
			isa = PBXResourcesBuildPhase;
			buildActionMask = 2147483647;
			files = (
			);
			runOnlyForDeploymentPostprocessing = 0;
		};
/* End PBXResourcesBuildPhase section */

/* Begin PBXShellScriptBuildPhase section */
		CD70B01EE331E392E355CD26 /* [CP] Check Pods Manifest.lock */ = {
			isa = PBXShellScriptBuildPhase;
			buildActionMask = 2147483647;
			files = (
			);
			inputPaths = (
				"${PODS_PODFILE_DIR_PATH}/Podfile.lock",
				"${PODS_ROOT}/Manifest.lock",
			);
			name = "[CP] Check Pods Manifest.lock";
			outputPaths = (
				"$(DERIVED_FILE_DIR)/Pods-SVGAPlayerDemo-checkManifestLockResult.txt",
			);
			runOnlyForDeploymentPostprocessing = 0;
			shellPath = /bin/sh;
			shellScript = "diff \"${PODS_PODFILE_DIR_PATH}/Podfile.lock\" \"${PODS_ROOT}/Manifest.lock\" > /dev/null\nif [ $? != 0 ] ; then\n    # print error to STDERR\n    echo \"error: The sandbox is not in sync with the Podfile.lock. Run 'pod install' or update your CocoaPods installation.\" >&2\n    exit 1\nfi\n# This output is used by Xcode 'outputs' to avoid re-running this script phase.\necho \"SUCCESS\" > \"${SCRIPT_OUTPUT_FILE_0}\"\n";
			showEnvVarsInLog = 0;
		};
		D86E014333D44E49674E1F31 /* [CP] Check Pods Manifest.lock */ = {
			isa = PBXShellScriptBuildPhase;
			buildActionMask = 2147483647;
			files = (
			);
			inputFileListPaths = (
			);
			inputPaths = (
				"${PODS_PODFILE_DIR_PATH}/Podfile.lock",
				"${PODS_ROOT}/Manifest.lock",
			);
			name = "[CP] Check Pods Manifest.lock";
			outputFileListPaths = (
			);
			outputPaths = (
				"$(DERIVED_FILE_DIR)/Pods-SVGAPlayer-checkManifestLockResult.txt",
			);
			runOnlyForDeploymentPostprocessing = 0;
			shellPath = /bin/sh;
			shellScript = "diff \"${PODS_PODFILE_DIR_PATH}/Podfile.lock\" \"${PODS_ROOT}/Manifest.lock\" > /dev/null\nif [ $? != 0 ] ; then\n    # print error to STDERR\n    echo \"error: The sandbox is not in sync with the Podfile.lock. Run 'pod install' or update your CocoaPods installation.\" >&2\n    exit 1\nfi\n# This output is used by Xcode 'outputs' to avoid re-running this script phase.\necho \"SUCCESS\" > \"${SCRIPT_OUTPUT_FILE_0}\"\n";
			showEnvVarsInLog = 0;
		};
/* End PBXShellScriptBuildPhase section */

/* Begin PBXSourcesBuildPhase section */
		90A676D91D13A6DF008A69F3 /* Sources */ = {
			isa = PBXSourcesBuildPhase;
			buildActionMask = 2147483647;
			files = (
				90A676E81D13A6DF008A69F3 /* ViewController.m in Sources */,
				9052FC631E6EB8D4007BC925 /* SVGAExporter.m in Sources */,
				90A677031D13AE19008A69F3 /* SVGAVideoEntity.m in Sources */,
				90A364DA1E5AED04009347F1 /* SVGAVideoSpriteFrameEntity.m in Sources */,
				63712E6821787A45001AE014 /* SVGAAudioEntity.m in Sources */,
				EFF7B0AF2D281CAD00404F60 /* UIImage+Resize.m in Sources */,
				63E817012178809D001D2D62 /* SVGAAudioLayer.m in Sources */,
				90A364D11E5AEC11009347F1 /* SVGABitmapLayer.m in Sources */,
				EFF7B0C22D2917C200404F60 /* DebugInfoView.m in Sources */,
				904D41F81D223DD20085A21A /* SVGABezierPath.m in Sources */,
				90A364D71E5AECBD009347F1 /* SVGAVideoSpriteEntity.m in Sources */,
				90A676E51D13A6DF008A69F3 /* AppDelegate.m in Sources */,
				90A364DD1E5D33F8009347F1 /* SVGAContentLayer.m in Sources */,
				90DB59B51F96026E00894727 /* SVGAImageView.m in Sources */,
				90A676FA1D13A81F008A69F3 /* SVGA.m in Sources */,
				90A677061D13BF77008A69F3 /* SVGAPlayer.m in Sources */,
				90A364D41E5AEC1C009347F1 /* SVGAVectorLayer.m in Sources */,
				90D7CA161F7FA07A006E74F0 /* Svga.pbobjc.m in Sources */,
				90A676E21D13A6DF008A69F3 /* main.m in Sources */,
				90A676FD1D13A82A008A69F3 /* SVGAParser.m in Sources */,
			);
			runOnlyForDeploymentPostprocessing = 0;
		};
		B78833112BC64A9F000474C2 /* Sources */ = {
			isa = PBXSourcesBuildPhase;
			buildActionMask = 2147483647;
			files = (
				B78833562BC64B1B000474C2 /* SVGAContentLayer.m in Sources */,
				B788333D2BC64B1B000474C2 /* SVGAVectorLayer.m in Sources */,
				B78833522BC64B1B000474C2 /* SVGABezierPath.m in Sources */,
				B78833422BC64B1B000474C2 /* SVGAExporter.m in Sources */,
				B788334A2BC64B1B000474C2 /* SVGAVideoSpriteFrameEntity.m in Sources */,
				B78833462BC64B1B000474C2 /* SVGABitmapLayer.m in Sources */,
				B788333C2BC64B1B000474C2 /* SVGA.m in Sources */,
				B78833442BC64B1B000474C2 /* SVGAAudioLayer.m in Sources */,
				B788333E2BC64B1B000474C2 /* SVGAVideoSpriteEntity.m in Sources */,
				EFF7B0B12D281CAD00404F60 /* UIImage+Resize.m in Sources */,
				B78833202BC64B0C000474C2 /* Svga.pbobjc.m in Sources */,
				B78833542BC64B1B000474C2 /* SVGAVideoEntity.m in Sources */,
				B788334F2BC64B1B000474C2 /* SVGAAudioEntity.m in Sources */,
				EFF7B0C42D2917C200404F60 /* DebugInfoView.m in Sources */,
				B78833402BC64B1B000474C2 /* SVGAParser.m in Sources */,
				B78833412BC64B1B000474C2 /* SVGAImageView.m in Sources */,
				B78833492BC64B1B000474C2 /* SVGAPlayer.m in Sources */,
			);
			runOnlyForDeploymentPostprocessing = 0;
		};
/* End PBXSourcesBuildPhase section */

/* Begin PBXVariantGroup section */
		90A676E91D13A6DF008A69F3 /* Main.storyboard */ = {
			isa = PBXVariantGroup;
			children = (
				90A676EA1D13A6DF008A69F3 /* Base */,
			);
			name = Main.storyboard;
			sourceTree = "<group>";
		};
		90A676EE1D13A6DF008A69F3 /* LaunchScreen.storyboard */ = {
			isa = PBXVariantGroup;
			children = (
				90A676EF1D13A6DF008A69F3 /* Base */,
			);
			name = LaunchScreen.storyboard;
			sourceTree = "<group>";
		};
/* End PBXVariantGroup section */

/* Begin XCBuildConfiguration section */
		90A676F21D13A6DF008A69F3 /* Debug */ = {
			isa = XCBuildConfiguration;
			buildSettings = {
				ALWAYS_SEARCH_USER_PATHS = NO;
				CLANG_ANALYZER_NONNULL = YES;
				CLANG_CXX_LANGUAGE_STANDARD = "gnu++0x";
				CLANG_CXX_LIBRARY = "libc++";
				CLANG_ENABLE_MODULES = YES;
				CLANG_ENABLE_OBJC_ARC = YES;
				CLANG_WARN_BOOL_CONVERSION = YES;
				CLANG_WARN_CONSTANT_CONVERSION = YES;
				CLANG_WARN_DIRECT_OBJC_ISA_USAGE = YES_ERROR;
				CLANG_WARN_EMPTY_BODY = YES;
				CLANG_WARN_ENUM_CONVERSION = YES;
				CLANG_WARN_INT_CONVERSION = YES;
				CLANG_WARN_OBJC_ROOT_CLASS = YES_ERROR;
				CLANG_WARN_UNREACHABLE_CODE = YES;
				CLANG_WARN__DUPLICATE_METHOD_MATCH = YES;
				"CODE_SIGN_IDENTITY[sdk=iphoneos*]" = "iPhone Developer";
				COPY_PHASE_STRIP = NO;
				DEBUG_INFORMATION_FORMAT = dwarf;
				ENABLE_STRICT_OBJC_MSGSEND = YES;
				ENABLE_TESTABILITY = YES;
				GCC_C_LANGUAGE_STANDARD = gnu99;
				GCC_DYNAMIC_NO_PIC = NO;
				GCC_NO_COMMON_BLOCKS = YES;
				GCC_OPTIMIZATION_LEVEL = 0;
				GCC_PREPROCESSOR_DEFINITIONS = (
					"DEBUG=1",
					"$(inherited)",
				);
				GCC_WARN_64_TO_32_BIT_CONVERSION = YES;
				GCC_WARN_ABOUT_RETURN_TYPE = YES_ERROR;
				GCC_WARN_UNDECLARED_SELECTOR = YES;
				GCC_WARN_UNINITIALIZED_AUTOS = YES_AGGRESSIVE;
				GCC_WARN_UNUSED_FUNCTION = YES;
				GCC_WARN_UNUSED_VARIABLE = YES;
				IPHONEOS_DEPLOYMENT_TARGET = 9.3;
				MTL_ENABLE_DEBUG_INFO = YES;
				ONLY_ACTIVE_ARCH = YES;
				SDKROOT = iphoneos;
			};
			name = Debug;
		};
		90A676F31D13A6DF008A69F3 /* Release */ = {
			isa = XCBuildConfiguration;
			buildSettings = {
				ALWAYS_SEARCH_USER_PATHS = NO;
				CLANG_ANALYZER_NONNULL = YES;
				CLANG_CXX_LANGUAGE_STANDARD = "gnu++0x";
				CLANG_CXX_LIBRARY = "libc++";
				CLANG_ENABLE_MODULES = YES;
				CLANG_ENABLE_OBJC_ARC = YES;
				CLANG_WARN_BOOL_CONVERSION = YES;
				CLANG_WARN_CONSTANT_CONVERSION = YES;
				CLANG_WARN_DIRECT_OBJC_ISA_USAGE = YES_ERROR;
				CLANG_WARN_EMPTY_BODY = YES;
				CLANG_WARN_ENUM_CONVERSION = YES;
				CLANG_WARN_INT_CONVERSION = YES;
				CLANG_WARN_OBJC_ROOT_CLASS = YES_ERROR;
				CLANG_WARN_UNREACHABLE_CODE = YES;
				CLANG_WARN__DUPLICATE_METHOD_MATCH = YES;
				"CODE_SIGN_IDENTITY[sdk=iphoneos*]" = "iPhone Developer";
				COPY_PHASE_STRIP = NO;
				DEBUG_INFORMATION_FORMAT = "dwarf-with-dsym";
				ENABLE_NS_ASSERTIONS = NO;
				ENABLE_STRICT_OBJC_MSGSEND = YES;
				GCC_C_LANGUAGE_STANDARD = gnu99;
				GCC_NO_COMMON_BLOCKS = YES;
				GCC_WARN_64_TO_32_BIT_CONVERSION = YES;
				GCC_WARN_ABOUT_RETURN_TYPE = YES_ERROR;
				GCC_WARN_UNDECLARED_SELECTOR = YES;
				GCC_WARN_UNINITIALIZED_AUTOS = YES_AGGRESSIVE;
				GCC_WARN_UNUSED_FUNCTION = YES;
				GCC_WARN_UNUSED_VARIABLE = YES;
				IPHONEOS_DEPLOYMENT_TARGET = 9.3;
				MTL_ENABLE_DEBUG_INFO = NO;
				SDKROOT = iphoneos;
				VALIDATE_PRODUCT = YES;
			};
			name = Release;
		};
		90A676F51D13A6DF008A69F3 /* Debug */ = {
			isa = XCBuildConfiguration;
			baseConfigurationReference = 14714B6E44B276D74A209A31 /* Pods-SVGAPlayerDemo.debug.xcconfig */;
			buildSettings = {
				ASSETCATALOG_COMPILER_APPICON_NAME = AppIcon;
				CODE_SIGN_IDENTITY = "iPhone Developer";
				DEVELOPMENT_TEAM = XM2VRDX92Q;
				INFOPLIST_FILE = SVGAPlayer/Info.plist;
				INFOPLIST_KEY_CFBundleDisplayName = SvgaDemo;
				IPHONEOS_DEPLOYMENT_TARGET = 12.0;
				LD_RUNPATH_SEARCH_PATHS = "$(inherited) @executable_path/Frameworks";
				PRODUCT_BUNDLE_IDENTIFIER = io.tzeentch.SVGA;
				PRODUCT_NAME = "$(TARGET_NAME)";
				PROVISIONING_PROFILE = "";
				TARGETED_DEVICE_FAMILY = "1,2";
			};
			name = Debug;
		};
		90A676F61D13A6DF008A69F3 /* Release */ = {
			isa = XCBuildConfiguration;
			baseConfigurationReference = 1B65E3B43FC8C3D598EC0B41 /* Pods-SVGAPlayerDemo.release.xcconfig */;
			buildSettings = {
				ASSETCATALOG_COMPILER_APPICON_NAME = AppIcon;
				CODE_SIGN_IDENTITY = "iPhone Developer";
				DEVELOPMENT_TEAM = XM2VRDX92Q;
				INFOPLIST_FILE = SVGAPlayer/Info.plist;
				INFOPLIST_KEY_CFBundleDisplayName = SvgaDemo;
				IPHONEOS_DEPLOYMENT_TARGET = 12.0;
				LD_RUNPATH_SEARCH_PATHS = "$(inherited) @executable_path/Frameworks";
				PRODUCT_BUNDLE_IDENTIFIER = io.tzeentch.SVGA;
				PRODUCT_NAME = "$(TARGET_NAME)";
				PROVISIONING_PROFILE = "";
				TARGETED_DEVICE_FAMILY = "1,2";
			};
			name = Release;
		};
		B78833192BC64A9F000474C2 /* Debug */ = {
			isa = XCBuildConfiguration;
			baseConfigurationReference = 8AD65028FA2D122A34DC4A63 /* Pods-SVGAPlayer.debug.xcconfig */;
			buildSettings = {
				ASSETCATALOG_COMPILER_GENERATE_SWIFT_ASSET_SYMBOL_EXTENSIONS = YES;
				BUILD_LIBRARY_FOR_DISTRIBUTION = YES;
				CLANG_ANALYZER_NUMBER_OBJECT_CONVERSION = YES_AGGRESSIVE;
				CLANG_CXX_LANGUAGE_STANDARD = "gnu++20";
				CLANG_ENABLE_OBJC_WEAK = YES;
				CLANG_WARN_BLOCK_CAPTURE_AUTORELEASING = YES;
				CLANG_WARN_COMMA = YES;
				CLANG_WARN_DEPRECATED_OBJC_IMPLEMENTATIONS = YES;
				CLANG_WARN_DOCUMENTATION_COMMENTS = YES;
				CLANG_WARN_INFINITE_RECURSION = YES;
				CLANG_WARN_NON_LITERAL_NULL_CONVERSION = YES;
				CLANG_WARN_OBJC_IMPLICIT_RETAIN_SELF = YES;
				CLANG_WARN_OBJC_LITERAL_CONVERSION = YES;
				CLANG_WARN_QUOTED_INCLUDE_IN_FRAMEWORK_HEADER = YES;
				CLANG_WARN_RANGE_LOOP_ANALYSIS = YES;
				CLANG_WARN_STRICT_PROTOTYPES = YES;
				CLANG_WARN_SUSPICIOUS_MOVE = YES;
				CLANG_WARN_UNGUARDED_AVAILABILITY = YES_AGGRESSIVE;
				CODE_SIGN_STYLE = Automatic;
				CURRENT_PROJECT_VERSION = 1;
				DEFINES_MODULE = YES;
				DEVELOPMENT_TEAM = XM2VRDX92Q;
				DYLIB_COMPATIBILITY_VERSION = 1;
				DYLIB_CURRENT_VERSION = 1;
				DYLIB_INSTALL_NAME_BASE = "@rpath";
				ENABLE_MODULE_VERIFIER = YES;
				ENABLE_USER_SCRIPT_SANDBOXING = YES;
				GCC_C_LANGUAGE_STANDARD = gnu17;
				GENERATE_INFOPLIST_FILE = YES;
				INFOPLIST_KEY_NSHumanReadableCopyright = "Copyright © 2024 UED Center. All rights reserved.";
				INSTALL_PATH = "$(LOCAL_LIBRARY_DIR)/Frameworks";
				IPHONEOS_DEPLOYMENT_TARGET = 12.0;
				LD_RUNPATH_SEARCH_PATHS = "$(inherited) @executable_path/Frameworks @loader_path/Frameworks";
				LOCALIZATION_PREFERS_STRING_CATALOGS = YES;
				MACH_O_TYPE = staticlib;
				MARKETING_VERSION = 1.0;
				MODULE_VERIFIER_SUPPORTED_LANGUAGES = "objective-c objective-c++";
				MODULE_VERIFIER_SUPPORTED_LANGUAGE_STANDARDS = "gnu17 gnu++20";
				MTL_ENABLE_DEBUG_INFO = INCLUDE_SOURCE;
				MTL_FAST_MATH = YES;
				PRODUCT_BUNDLE_IDENTIFIER = io.tzeentch.SVGA;
				PRODUCT_MODULE_NAME = SVGAPlayer;
				PRODUCT_NAME = "$(TARGET_NAME:c99extidentifier)";
				SKIP_INSTALL = YES;
				SWIFT_EMIT_LOC_STRINGS = YES;
				TARGETED_DEVICE_FAMILY = "1,2";
				VERSIONING_SYSTEM = "apple-generic";
				VERSION_INFO_PREFIX = "";
			};
			name = Debug;
		};
		B788331A2BC64A9F000474C2 /* Release */ = {
			isa = XCBuildConfiguration;
			baseConfigurationReference = E02B8713B25C0283C736EE03 /* Pods-SVGAPlayer.release.xcconfig */;
			buildSettings = {
				ASSETCATALOG_COMPILER_GENERATE_SWIFT_ASSET_SYMBOL_EXTENSIONS = YES;
				BUILD_LIBRARY_FOR_DISTRIBUTION = YES;
				CLANG_ANALYZER_NUMBER_OBJECT_CONVERSION = YES_AGGRESSIVE;
				CLANG_CXX_LANGUAGE_STANDARD = "gnu++20";
				CLANG_ENABLE_OBJC_WEAK = YES;
				CLANG_WARN_BLOCK_CAPTURE_AUTORELEASING = YES;
				CLANG_WARN_COMMA = YES;
				CLANG_WARN_DEPRECATED_OBJC_IMPLEMENTATIONS = YES;
				CLANG_WARN_DOCUMENTATION_COMMENTS = YES;
				CLANG_WARN_INFINITE_RECURSION = YES;
				CLANG_WARN_NON_LITERAL_NULL_CONVERSION = YES;
				CLANG_WARN_OBJC_IMPLICIT_RETAIN_SELF = YES;
				CLANG_WARN_OBJC_LITERAL_CONVERSION = YES;
				CLANG_WARN_QUOTED_INCLUDE_IN_FRAMEWORK_HEADER = YES;
				CLANG_WARN_RANGE_LOOP_ANALYSIS = YES;
				CLANG_WARN_STRICT_PROTOTYPES = YES;
				CLANG_WARN_SUSPICIOUS_MOVE = YES;
				CLANG_WARN_UNGUARDED_AVAILABILITY = YES_AGGRESSIVE;
				CODE_SIGN_STYLE = Automatic;
				CURRENT_PROJECT_VERSION = 1;
				DEFINES_MODULE = YES;
				DEVELOPMENT_TEAM = XM2VRDX92Q;
				DYLIB_COMPATIBILITY_VERSION = 1;
				DYLIB_CURRENT_VERSION = 1;
				DYLIB_INSTALL_NAME_BASE = "@rpath";
				ENABLE_MODULE_VERIFIER = YES;
				ENABLE_USER_SCRIPT_SANDBOXING = YES;
				GCC_C_LANGUAGE_STANDARD = gnu17;
				GENERATE_INFOPLIST_FILE = YES;
				INFOPLIST_KEY_NSHumanReadableCopyright = "Copyright © 2024 UED Center. All rights reserved.";
				INSTALL_PATH = "$(LOCAL_LIBRARY_DIR)/Frameworks";
				IPHONEOS_DEPLOYMENT_TARGET = 12.0;
				LD_RUNPATH_SEARCH_PATHS = "$(inherited) @executable_path/Frameworks @loader_path/Frameworks";
				LOCALIZATION_PREFERS_STRING_CATALOGS = YES;
				MACH_O_TYPE = staticlib;
				MARKETING_VERSION = 1.0;
				MODULE_VERIFIER_SUPPORTED_LANGUAGES = "objective-c objective-c++";
				MODULE_VERIFIER_SUPPORTED_LANGUAGE_STANDARDS = "gnu17 gnu++20";
				MTL_FAST_MATH = YES;
				PRODUCT_BUNDLE_IDENTIFIER = io.tzeentch.SVGA;
				PRODUCT_MODULE_NAME = SVGAPlayer;
				PRODUCT_NAME = "$(TARGET_NAME:c99extidentifier)";
				SKIP_INSTALL = YES;
				SWIFT_EMIT_LOC_STRINGS = YES;
				TARGETED_DEVICE_FAMILY = "1,2";
				VERSIONING_SYSTEM = "apple-generic";
				VERSION_INFO_PREFIX = "";
			};
			name = Release;
		};
/* End XCBuildConfiguration section */

/* Begin XCConfigurationList section */
		90A676D81D13A6DF008A69F3 /* Build configuration list for PBXProject "SVGAPlayer" */ = {
			isa = XCConfigurationList;
			buildConfigurations = (
				90A676F21D13A6DF008A69F3 /* Debug */,
				90A676F31D13A6DF008A69F3 /* Release */,
			);
			defaultConfigurationIsVisible = 0;
			defaultConfigurationName = Release;
		};
		90A676F41D13A6DF008A69F3 /* Build configuration list for PBXNativeTarget "SVGAPlayer" */ = {
			isa = XCConfigurationList;
			buildConfigurations = (
				90A676F51D13A6DF008A69F3 /* Debug */,
				90A676F61D13A6DF008A69F3 /* Release */,
			);
			defaultConfigurationIsVisible = 0;
			defaultConfigurationName = Release;
		};
		B788331B2BC64A9F000474C2 /* Build configuration list for PBXNativeTarget "SVGA" */ = {
			isa = XCConfigurationList;
			buildConfigurations = (
				B78833192BC64A9F000474C2 /* Debug */,
				B788331A2BC64A9F000474C2 /* Release */,
			);
			defaultConfigurationIsVisible = 0;
			defaultConfigurationName = Release;
		};
/* End XCConfigurationList section */
	};
	rootObject = 90A676D51D13A6DF008A69F3 /* Project object */;
}
